
Microsoft Visual Studio Solution File, Format Version 12.00
# Visual Studio Version 17
VisualStudioVersion = 17.5.33424.131
MinimumVisualStudioVersion = 10.0.40219.1
Project("{FAE04EC0-301F-11D3-BF4B-00C04F79EFBC}") = "ConsoleApp1", "ConsoleApp1\ConsoleApp1.csproj", "{417CDE74-AB26-4E4D-A431-D647C3378B30}"
	ProjectSection(ProjectDependencies) = postProject
		{24BE6BE6-8777-4D96-A015-674E992DB8C2} = {24BE6BE6-8777-4D96-A015-674E992DB8C2}
		{4C38B11B-B517-4613-A170-7B47AE058CEB} = {4C38B11B-B517-4613-A170-7B47AE058CEB}
		{AB27C5C1-5F09-424E-8D90-7C439B288EF3} = {AB27C5C1-5F09-424E-8D90-7C439B288EF3}
		{DF29F072-E236-41A5-A853-0A02A48689E1} = {DF29F072-E236-41A5-A853-0A02A48689E1}
		{F64BAD83-1063-4225-AEB9-D3C100E3C42F} = {F64BAD83-1063-4225-AEB9-D3C100E3C42F}
	EndProjectSection
EndProject
Project("{FAE04EC0-301F-11D3-BF4B-00C04F79EFBC}") = "FileReader", "FileReader\FileReader.csproj", "{F64BAD83-1063-4225-AEB9-D3C100E3C42F}"
EndProject
Project("{FAE04EC0-301F-11D3-BF4B-00C04F79EFBC}") = "DatabaseHandler", "DatabaseHandler\DatabaseHandler.csproj", "{DF29F072-E236-41A5-A853-0A02A48689E1}"
EndProject
Project("{FAE04EC0-301F-11D3-BF4B-00C04F79EFBC}") = "Logging", "Logging\Logging.csproj", "{AB27C5C1-5F09-424E-8D90-7C439B288EF3}"
EndProject
Project("{FAE04EC0-301F-11D3-BF4B-00C04F79EFBC}") = "Checkout", "Checkout\Checkout.csproj", "{24BE6BE6-8777-4D96-A015-674E992DB8C2}"
EndProject
Project("{FAE04EC0-301F-11D3-BF4B-00C04F79EFBC}") = "PizzaTopping", "PizzaTopping\PizzaTopping.csproj", "{4C38B11B-B517-4613-A170-7B47AE058CEB}"
EndProject
Global
	GlobalSection(SolutionConfigurationPlatforms) = preSolution
		Debug|Any CPU = Debug|Any CPU
		Release|Any CPU = Release|Any CPU
	EndGlobalSection
	GlobalSection(ProjectConfigurationPlatforms) = postSolution
		{417CDE74-AB26-4E4D-A431-D647C3378B30}.Debug|Any CPU.ActiveCfg = Debug|Any CPU
		{417CDE74-AB26-4E4D-A431-D647C3378B30}.Debug|Any CPU.Build.0 = Debug|Any CPU
		{417CDE74-AB26-4E4D-A431-D647C3378B30}.Release|Any CPU.ActiveCfg = Release|Any CPU
		{417CDE74-AB26-4E4D-A431-D647C3378B30}.Release|Any CPU.Build.0 = Release|Any CPU
		{F64BAD83-1063-4225-AEB9-D3C100E3C42F}.Debug|Any CPU.ActiveCfg = Debug|Any CPU
		{F64BAD83-1063-4225-AEB9-D3C100E3C42F}.Debug|Any CPU.Build.0 = Debug|Any CPU
		{F64BAD83-1063-4225-AEB9-D3C100E3C42F}.Release|Any CPU.ActiveCfg = Release|Any CPU
		{F64BAD83-1063-4225-AEB9-D3C100E3C42F}.Release|Any CPU.Build.0 = Release|Any CPU
		{DF29F072-E236-41A5-A853-0A02A48689E1}.Debug|Any CPU.ActiveCfg = Debug|Any CPU
		{DF29F072-E236-41A5-A853-0A02A48689E1}.Debug|Any CPU.Build.0 = Debug|Any CPU
		{DF29F072-E236-41A5-A853-0A02A48689E1}.Release|Any CPU.ActiveCfg = Release|Any CPU
		{DF29F072-E236-41A5-A853-0A02A48689E1}.Release|Any CPU.Build.0 = Release|Any CPU
		{AB27C5C1-5F09-424E-8D90-7C439B288EF3}.Debug|Any CPU.ActiveCfg = Debug|Any CPU
		{AB27C5C1-5F09-424E-8D90-7C439B288EF3}.Debug|Any CPU.Build.0 = Debug|Any CPU
		{AB27C5C1-5F09-424E-8D90-7C439B288EF3}.Release|Any CPU.ActiveCfg = Release|Any CPU
		{AB27C5C1-5F09-424E-8D90-7C439B288EF3}.Release|Any CPU.Build.0 = Release|Any CPU
		{24BE6BE6-8777-4D96-A015-674E992DB8C2}.Debug|Any CPU.ActiveCfg = Debug|Any CPU
		{24BE6BE6-8777-4D96-A015-674E992DB8C2}.Debug|Any CPU.Build.0 = Debug|Any CPU
		{24BE6BE6-8777-4D96-A015-674E992DB8C2}.Release|Any CPU.ActiveCfg = Release|Any CPU
		{24BE6BE6-8777-4D96-A015-674E992DB8C2}.Release|Any CPU.Build.0 = Release|Any CPU
		{4C38B11B-B517-4613-A170-7B47AE058CEB}.Debug|Any CPU.ActiveCfg = Debug|Any CPU
		{4C38B11B-B517-4613-A170-7B47AE058CEB}.Debug|Any CPU.Build.0 = Debug|Any CPU
		{4C38B11B-B517-4613-A170-7B47AE058CEB}.Release|Any CPU.ActiveCfg = Release|Any CPU
		{4C38B11B-B517-4613-A170-7B47AE058CEB}.Release|Any CPU.Build.0 = Release|Any CPU
	EndGlobalSection
	GlobalSection(SolutionProperties) = preSolution
		HideSolutionNode = FALSE
	EndGlobalSection
	GlobalSection(ExtensibilityGlobals) = postSolution
		SolutionGuid = {A9C6BC0E-5D59-4A07-926A-ED6D4B3B9815}
	EndGlobalSection
EndGlobal
